
Microsoft Visual Studio Solution File, Format Version 12.00
# Visual Studio Version 17
VisualStudioVersion = 17.0.31903.59
MinimumVisualStudioVersion = 10.0.40219.1
Project("{FAE04EC0-301F-11D3-BF4B-00C04F79EFBC}") = "Mvc", "CSharp\Mvc\Mvc.csproj", "{AC4630F8-4B28-406D-9ADD-7B446B75280E}"
EndProject
Project("{FAE04EC0-301F-11D3-BF4B-00C04F79EFBC}") = "MinimalAPI", "CSharp\MinimalApi\MinimalAPI.csproj", "{F823DF88-A615-4C1C-BA47-948ADB12D5CB}"
EndProject
Project("{FAE04EC0-301F-11D3-BF4B-00C04F79EFBC}") = "RazorPages", "CSharp\RazorPages\RazorPages.csproj", "{8A49F342-A30C-4527-B5AA-1772C55BE199}"
EndProject
Project("{2150E333-8FDC-42A3-9474-1A3956D46DE8}") = "CSharp", "CSharp", "{4B13E06D-D750-4CF7-AF68-93224AB7A292}"
EndProject
Project("{FAE04EC0-301F-11D3-BF4B-00C04F79EFBC}") = "MinimalSdk", "CSharp\MinimalSdk\MinimalSdk.csproj", "{3287CBFD-A225-48AE-9788-4D344AB8BC87}"
EndProject
Global
	GlobalSection(SolutionConfigurationPlatforms) = preSolution
		Debug|Any CPU = Debug|Any CPU
		Release|Any CPU = Release|Any CPU
	EndGlobalSection
	GlobalSection(SolutionProperties) = preSolution
		HideSolutionNode = FALSE
	EndGlobalSection
	GlobalSection(ProjectConfigurationPlatforms) = postSolution
		{AC4630F8-4B28-406D-9ADD-7B446B75280E}.Debug|Any CPU.ActiveCfg = Debug|Any CPU
		{AC4630F8-4B28-406D-9ADD-7B446B75280E}.Debug|Any CPU.Build.0 = Debug|Any CPU
		{AC4630F8-4B28-406D-9ADD-7B446B75280E}.Release|Any CPU.ActiveCfg = Release|Any CPU
		{AC4630F8-4B28-406D-9ADD-7B446B75280E}.Release|Any CPU.Build.0 = Release|Any CPU
		{F823DF88-A615-4C1C-BA47-948ADB12D5CB}.Debug|Any CPU.ActiveCfg = Debug|Any CPU
		{F823DF88-A615-4C1C-BA47-948ADB12D5CB}.Debug|Any CPU.Build.0 = Debug|Any CPU
		{F823DF88-A615-4C1C-BA47-948ADB12D5CB}.Release|Any CPU.ActiveCfg = Release|Any CPU
		{F823DF88-A615-4C1C-BA47-948ADB12D5CB}.Release|Any CPU.Build.0 = Release|Any CPU
		{8A49F342-A30C-4527-B5AA-1772C55BE199}.Debug|Any CPU.ActiveCfg = Debug|Any CPU
		{8A49F342-A30C-4527-B5AA-1772C55BE199}.Debug|Any CPU.Build.0 = Debug|Any CPU
		{8A49F342-A30C-4527-B5AA-1772C55BE199}.Release|Any CPU.ActiveCfg = Release|Any CPU
		{8A49F342-A30C-4527-B5AA-1772C55BE199}.Release|Any CPU.Build.0 = Release|Any CPU
		{3287CBFD-A225-48AE-9788-4D344AB8BC87}.Debug|Any CPU.ActiveCfg = Debug|Any CPU
		{3287CBFD-A225-48AE-9788-4D344AB8BC87}.Debug|Any CPU.Build.0 = Debug|Any CPU
		{3287CBFD-A225-48AE-9788-4D344AB8BC87}.Release|Any CPU.ActiveCfg = Release|Any CPU
		{3287CBFD-A225-48AE-9788-4D344AB8BC87}.Release|Any CPU.Build.0 = Release|Any CPU
	EndGlobalSection
	GlobalSection(NestedProjects) = preSolution
		{3287CBFD-A225-48AE-9788-4D344AB8BC87} = {4B13E06D-D750-4CF7-AF68-93224AB7A292}
	EndGlobalSection
EndGlobal
